# This file is automatically @generated by Cargo.
# It is not intended for manual editing.
version = 3

[[package]]
name = "memchr"
version = "2.5.0"
source = "registry+https://github.com/rust-lang/crates.io-index"
checksum = "2dffe52ecf27772e601905b7522cb4ef790d2cc203488bbd0e2fe85fcb74566d"

[[package]]
name = "quick-xml"
version = "0.27.0"
source = "registry+https://github.com/rust-lang/crates.io-index"
checksum = "0450d2eaf8a52d6f91efb75457a19d206ccb4f580d3a7e19485914d5e97a8194"
dependencies = [
 "memchr",
]

[[package]]
name = "xml_practice"
version = "0.1.0"
dependencies = [
 "quick-xml",
]
